
Microsoft Visual Studio Solution File, Format Version 12.00
# Visual Studio 15
VisualStudioVersion = 15.0.26730.10
MinimumVisualStudioVersion = 10.0.40219.1

Project("{6EC3EE1D-3C4E-46DD-8F32-0CC8E7565705}") = "fsharp_boardgame_inventory_app", "fsharp_boardgame_inventory_app\fsharp_boardgame_inventory_app.fsproj", "{72B3FDAD-C8C4-4DE1-866C-4D5C6DFD5214}"
EndProject

Project("{F2A71F9B-5D33-465A-A702-920D77279786}") = "fsharp_boardgame_inventory_app.Android", "fsharp_boardgame_inventory_app.Android\fsharp_boardgame_inventory_app.Android.fsproj", "{54A14130-BA70-4730-9F65-EE17E9315BDE}"
EndProject


Project("{F2A71F9B-5D33-465A-A702-920D77279786}") = "fsharp_boardgame_inventory_app.iOS", "fsharp_boardgame_inventory_app.iOS\fsharp_boardgame_inventory_app.iOS.fsproj", "{B3656ED5-D430-4CB6-B088-715C87CE6307}"
EndProject




Global
	GlobalSection(SolutionConfigurationPlatforms) = preSolution
		Ad-Hoc|Any CPU = Ad-Hoc|Any CPU
		Ad-Hoc|ARM = Ad-Hoc|ARM
		Ad-Hoc|iPhone = Ad-Hoc|iPhone
		Ad-Hoc|iPhoneSimulator = Ad-Hoc|iPhoneSimulator
		Ad-Hoc|x64 = Ad-Hoc|x64
		Ad-Hoc|x86 = Ad-Hoc|x86
		AppStore|Any CPU = AppStore|Any CPU
		AppStore|ARM = AppStore|ARM
		AppStore|iPhone = AppStore|iPhone
		AppStore|iPhoneSimulator = AppStore|iPhoneSimulator
		AppStore|x64 = AppStore|x64
		AppStore|x86 = AppStore|x86
		Debug|Any CPU = Debug|Any CPU
		Debug|ARM = Debug|ARM
		Debug|iPhone = Debug|iPhone
		Debug|iPhoneSimulator = Debug|iPhoneSimulator
		Debug|x64 = Debug|x64
		Debug|x86 = Debug|x86
		Release|Any CPU = Release|Any CPU
		Release|ARM = Release|ARM
		Release|iPhone = Release|iPhone
		Release|iPhoneSimulator = Release|iPhoneSimulator
		Release|x64 = Release|x64
		Release|x86 = Release|x86
	EndGlobalSection
	GlobalSection(ProjectConfigurationPlatforms) = postSolution
		{72B3FDAD-C8C4-4DE1-866C-4D5C6DFD5214}.Ad-Hoc|Any CPU.ActiveCfg = Debug|Any CPU
		{72B3FDAD-C8C4-4DE1-866C-4D5C6DFD5214}.Ad-Hoc|Any CPU.Build.0 = Debug|Any CPU
		{72B3FDAD-C8C4-4DE1-866C-4D5C6DFD5214}.Ad-Hoc|ARM.ActiveCfg = Debug|Any CPU
		{72B3FDAD-C8C4-4DE1-866C-4D5C6DFD5214}.Ad-Hoc|ARM.Build.0 = Debug|Any CPU
		{72B3FDAD-C8C4-4DE1-866C-4D5C6DFD5214}.Ad-Hoc|iPhone.ActiveCfg = Debug|Any CPU
		{72B3FDAD-C8C4-4DE1-866C-4D5C6DFD5214}.Ad-Hoc|iPhone.Build.0 = Debug|Any CPU
		{72B3FDAD-C8C4-4DE1-866C-4D5C6DFD5214}.Ad-Hoc|iPhoneSimulator.ActiveCfg = Debug|Any CPU
		{72B3FDAD-C8C4-4DE1-866C-4D5C6DFD5214}.Ad-Hoc|iPhoneSimulator.Build.0 = Debug|Any CPU
		{72B3FDAD-C8C4-4DE1-866C-4D5C6DFD5214}.Ad-Hoc|x64.ActiveCfg = Debug|Any CPU
		{72B3FDAD-C8C4-4DE1-866C-4D5C6DFD5214}.Ad-Hoc|x64.Build.0 = Debug|Any CPU
		{72B3FDAD-C8C4-4DE1-866C-4D5C6DFD5214}.Ad-Hoc|x86.ActiveCfg = Debug|Any CPU
		{72B3FDAD-C8C4-4DE1-866C-4D5C6DFD5214}.Ad-Hoc|x86.Build.0 = Debug|Any CPU
		{72B3FDAD-C8C4-4DE1-866C-4D5C6DFD5214}.AppStore|Any CPU.ActiveCfg = Debug|Any CPU
		{72B3FDAD-C8C4-4DE1-866C-4D5C6DFD5214}.AppStore|Any CPU.Build.0 = Debug|Any CPU
		{72B3FDAD-C8C4-4DE1-866C-4D5C6DFD5214}.AppStore|ARM.ActiveCfg = Debug|Any CPU
		{72B3FDAD-C8C4-4DE1-866C-4D5C6DFD5214}.AppStore|ARM.Build.0 = Debug|Any CPU
		{72B3FDAD-C8C4-4DE1-866C-4D5C6DFD5214}.AppStore|iPhone.ActiveCfg = Debug|Any CPU
		{72B3FDAD-C8C4-4DE1-866C-4D5C6DFD5214}.AppStore|iPhone.Build.0 = Debug|Any CPU
		{72B3FDAD-C8C4-4DE1-866C-4D5C6DFD5214}.AppStore|iPhoneSimulator.ActiveCfg = Debug|Any CPU
		{72B3FDAD-C8C4-4DE1-866C-4D5C6DFD5214}.AppStore|iPhoneSimulator.Build.0 = Debug|Any CPU
		{72B3FDAD-C8C4-4DE1-866C-4D5C6DFD5214}.AppStore|x64.ActiveCfg = Debug|Any CPU
		{72B3FDAD-C8C4-4DE1-866C-4D5C6DFD5214}.AppStore|x64.Build.0 = Debug|Any CPU
		{72B3FDAD-C8C4-4DE1-866C-4D5C6DFD5214}.AppStore|x86.ActiveCfg = Debug|Any CPU
		{72B3FDAD-C8C4-4DE1-866C-4D5C6DFD5214}.AppStore|x86.Build.0 = Debug|Any CPU
		{72B3FDAD-C8C4-4DE1-866C-4D5C6DFD5214}.Debug|Any CPU.ActiveCfg = Debug|Any CPU
		{72B3FDAD-C8C4-4DE1-866C-4D5C6DFD5214}.Debug|Any CPU.Build.0 = Debug|Any CPU
		{72B3FDAD-C8C4-4DE1-866C-4D5C6DFD5214}.Debug|ARM.ActiveCfg = Debug|Any CPU
		{72B3FDAD-C8C4-4DE1-866C-4D5C6DFD5214}.Debug|ARM.Build.0 = Debug|Any CPU
		{72B3FDAD-C8C4-4DE1-866C-4D5C6DFD5214}.Debug|iPhone.ActiveCfg = Debug|Any CPU
		{72B3FDAD-C8C4-4DE1-866C-4D5C6DFD5214}.Debug|iPhone.Build.0 = Debug|Any CPU
		{72B3FDAD-C8C4-4DE1-866C-4D5C6DFD5214}.Debug|iPhoneSimulator.ActiveCfg = Debug|Any CPU
		{72B3FDAD-C8C4-4DE1-866C-4D5C6DFD5214}.Debug|iPhoneSimulator.Build.0 = Debug|Any CPU
		{72B3FDAD-C8C4-4DE1-866C-4D5C6DFD5214}.Debug|x64.ActiveCfg = Debug|Any CPU
		{72B3FDAD-C8C4-4DE1-866C-4D5C6DFD5214}.Debug|x64.Build.0 = Debug|Any CPU
		{72B3FDAD-C8C4-4DE1-866C-4D5C6DFD5214}.Debug|x86.ActiveCfg = Debug|Any CPU
		{72B3FDAD-C8C4-4DE1-866C-4D5C6DFD5214}.Debug|x86.Build.0 = Debug|Any CPU
		{72B3FDAD-C8C4-4DE1-866C-4D5C6DFD5214}.Release|Any CPU.ActiveCfg = Release|Any CPU
		{72B3FDAD-C8C4-4DE1-866C-4D5C6DFD5214}.Release|Any CPU.Build.0 = Release|Any CPU
		{72B3FDAD-C8C4-4DE1-866C-4D5C6DFD5214}.Release|ARM.ActiveCfg = Release|Any CPU
		{72B3FDAD-C8C4-4DE1-866C-4D5C6DFD5214}.Release|ARM.Build.0 = Release|Any CPU
		{72B3FDAD-C8C4-4DE1-866C-4D5C6DFD5214}.Release|iPhone.ActiveCfg = Release|Any CPU
		{72B3FDAD-C8C4-4DE1-866C-4D5C6DFD5214}.Release|iPhone.Build.0 = Release|Any CPU
		{72B3FDAD-C8C4-4DE1-866C-4D5C6DFD5214}.Release|iPhoneSimulator.ActiveCfg = Release|Any CPU
		{72B3FDAD-C8C4-4DE1-866C-4D5C6DFD5214}.Release|iPhoneSimulator.Build.0 = Release|Any CPU
		{72B3FDAD-C8C4-4DE1-866C-4D5C6DFD5214}.Release|x64.ActiveCfg = Release|Any CPU
		{72B3FDAD-C8C4-4DE1-866C-4D5C6DFD5214}.Release|x64.Build.0 = Release|Any CPU
		{72B3FDAD-C8C4-4DE1-866C-4D5C6DFD5214}.Release|x86.ActiveCfg = Release|Any CPU
		{72B3FDAD-C8C4-4DE1-866C-4D5C6DFD5214}.Release|x86.Build.0 = Release|Any CPU
		{B3656ED5-D430-4CB6-B088-715C87CE6307}.Ad-Hoc|Any CPU.ActiveCfg = Ad-Hoc|iPhone
		{B3656ED5-D430-4CB6-B088-715C87CE6307}.Ad-Hoc|ARM.ActiveCfg = Ad-Hoc|iPhone
		{B3656ED5-D430-4CB6-B088-715C87CE6307}.Ad-Hoc|iPhone.ActiveCfg = Ad-Hoc|iPhone
		{B3656ED5-D430-4CB6-B088-715C87CE6307}.Ad-Hoc|iPhone.Build.0 = Ad-Hoc|iPhone
		{B3656ED5-D430-4CB6-B088-715C87CE6307}.Ad-Hoc|iPhoneSimulator.ActiveCfg = Ad-Hoc|iPhoneSimulator
		{B3656ED5-D430-4CB6-B088-715C87CE6307}.Ad-Hoc|iPhoneSimulator.Build.0 = Ad-Hoc|iPhoneSimulator
		{B3656ED5-D430-4CB6-B088-715C87CE6307}.Ad-Hoc|x64.ActiveCfg = Ad-Hoc|iPhone
		{B3656ED5-D430-4CB6-B088-715C87CE6307}.Ad-Hoc|x86.ActiveCfg = Ad-Hoc|iPhone
		{B3656ED5-D430-4CB6-B088-715C87CE6307}.AppStore|Any CPU.ActiveCfg = AppStore|iPhone
		{B3656ED5-D430-4CB6-B088-715C87CE6307}.AppStore|ARM.ActiveCfg = AppStore|iPhone
		{B3656ED5-D430-4CB6-B088-715C87CE6307}.AppStore|iPhone.ActiveCfg = AppStore|iPhone
		{B3656ED5-D430-4CB6-B088-715C87CE6307}.AppStore|iPhone.Build.0 = AppStore|iPhone
		{B3656ED5-D430-4CB6-B088-715C87CE6307}.AppStore|iPhoneSimulator.ActiveCfg = AppStore|iPhoneSimulator
		{B3656ED5-D430-4CB6-B088-715C87CE6307}.AppStore|iPhoneSimulator.Build.0 = AppStore|iPhoneSimulator
		{B3656ED5-D430-4CB6-B088-715C87CE6307}.AppStore|x64.ActiveCfg = AppStore|iPhone
		{B3656ED5-D430-4CB6-B088-715C87CE6307}.AppStore|x86.ActiveCfg = AppStore|iPhone
		{B3656ED5-D430-4CB6-B088-715C87CE6307}.Debug|Any CPU.ActiveCfg = Debug|iPhone
		{B3656ED5-D430-4CB6-B088-715C87CE6307}.Debug|ARM.ActiveCfg = Debug|iPhone
		{B3656ED5-D430-4CB6-B088-715C87CE6307}.Debug|iPhone.ActiveCfg = Debug|iPhone
		{B3656ED5-D430-4CB6-B088-715C87CE6307}.Debug|iPhone.Build.0 = Debug|iPhone
		{B3656ED5-D430-4CB6-B088-715C87CE6307}.Debug|iPhoneSimulator.ActiveCfg = Debug|iPhoneSimulator
		{B3656ED5-D430-4CB6-B088-715C87CE6307}.Debug|iPhoneSimulator.Build.0 = Debug|iPhoneSimulator
		{B3656ED5-D430-4CB6-B088-715C87CE6307}.Debug|x64.ActiveCfg = Debug|iPhone
		{B3656ED5-D430-4CB6-B088-715C87CE6307}.Debug|x86.ActiveCfg = Debug|iPhone
		{B3656ED5-D430-4CB6-B088-715C87CE6307}.Release|Any CPU.ActiveCfg = Release|iPhone
		{B3656ED5-D430-4CB6-B088-715C87CE6307}.Release|ARM.ActiveCfg = Release|iPhone
		{B3656ED5-D430-4CB6-B088-715C87CE6307}.Release|iPhone.ActiveCfg = Release|iPhone
		{B3656ED5-D430-4CB6-B088-715C87CE6307}.Release|iPhone.Build.0 = Release|iPhone
		{B3656ED5-D430-4CB6-B088-715C87CE6307}.Release|iPhoneSimulator.ActiveCfg = Release|iPhoneSimulator
		{B3656ED5-D430-4CB6-B088-715C87CE6307}.Release|iPhoneSimulator.Build.0 = Release|iPhoneSimulator
		{B3656ED5-D430-4CB6-B088-715C87CE6307}.Release|x64.ActiveCfg = Release|iPhone
		{B3656ED5-D430-4CB6-B088-715C87CE6307}.Release|x86.ActiveCfg = Release|iPhone
		{E7A8F409-1F53-4457-9B05-49657E36F484}.Ad-Hoc|Any CPU.ActiveCfg = Release|x86
		{E7A8F409-1F53-4457-9B05-49657E36F484}.Ad-Hoc|Any CPU.Build.0 = Release|x86
		{E7A8F409-1F53-4457-9B05-49657E36F484}.Ad-Hoc|Any CPU.Deploy.0 = Release|x86
		{E7A8F409-1F53-4457-9B05-49657E36F484}.Ad-Hoc|ARM.ActiveCfg = Release|ARM
		{E7A8F409-1F53-4457-9B05-49657E36F484}.Ad-Hoc|ARM.Build.0 = Release|ARM
		{E7A8F409-1F53-4457-9B05-49657E36F484}.Ad-Hoc|ARM.Deploy.0 = Release|ARM
		{E7A8F409-1F53-4457-9B05-49657E36F484}.Ad-Hoc|iPhone.ActiveCfg = Release|x86
		{E7A8F409-1F53-4457-9B05-49657E36F484}.Ad-Hoc|iPhone.Build.0 = Release|x86
		{E7A8F409-1F53-4457-9B05-49657E36F484}.Ad-Hoc|iPhone.Deploy.0 = Release|x86
		{E7A8F409-1F53-4457-9B05-49657E36F484}.Ad-Hoc|iPhoneSimulator.ActiveCfg = Release|x86
		{E7A8F409-1F53-4457-9B05-49657E36F484}.Ad-Hoc|iPhoneSimulator.Build.0 = Release|x86
		{E7A8F409-1F53-4457-9B05-49657E36F484}.Ad-Hoc|iPhoneSimulator.Deploy.0 = Release|x86
		{E7A8F409-1F53-4457-9B05-49657E36F484}.Ad-Hoc|x64.ActiveCfg = Release|x64
		{E7A8F409-1F53-4457-9B05-49657E36F484}.Ad-Hoc|x64.Build.0 = Release|x64
		{E7A8F409-1F53-4457-9B05-49657E36F484}.Ad-Hoc|x64.Deploy.0 = Release|x64
		{E7A8F409-1F53-4457-9B05-49657E36F484}.Ad-Hoc|x86.ActiveCfg = Release|x86
		{E7A8F409-1F53-4457-9B05-49657E36F484}.Ad-Hoc|x86.Build.0 = Release|x86
		{E7A8F409-1F53-4457-9B05-49657E36F484}.Ad-Hoc|x86.Deploy.0 = Release|x86
		{E7A8F409-1F53-4457-9B05-49657E36F484}.AppStore|Any CPU.ActiveCfg = Release|x86
		{E7A8F409-1F53-4457-9B05-49657E36F484}.AppStore|Any CPU.Build.0 = Release|x86
		{E7A8F409-1F53-4457-9B05-49657E36F484}.AppStore|Any CPU.Deploy.0 = Release|x86
		{E7A8F409-1F53-4457-9B05-49657E36F484}.AppStore|ARM.ActiveCfg = Release|ARM
		{E7A8F409-1F53-4457-9B05-49657E36F484}.AppStore|ARM.Build.0 = Release|ARM
		{E7A8F409-1F53-4457-9B05-49657E36F484}.AppStore|ARM.Deploy.0 = Release|ARM
		{E7A8F409-1F53-4457-9B05-49657E36F484}.AppStore|iPhone.ActiveCfg = Release|x86
		{E7A8F409-1F53-4457-9B05-49657E36F484}.AppStore|iPhone.Build.0 = Release|x86
		{E7A8F409-1F53-4457-9B05-49657E36F484}.AppStore|iPhone.Deploy.0 = Release|x86
		{E7A8F409-1F53-4457-9B05-49657E36F484}.AppStore|iPhoneSimulator.ActiveCfg = Release|x86
		{E7A8F409-1F53-4457-9B05-49657E36F484}.AppStore|iPhoneSimulator.Build.0 = Release|x86
		{E7A8F409-1F53-4457-9B05-49657E36F484}.AppStore|iPhoneSimulator.Deploy.0 = Release|x86
		{E7A8F409-1F53-4457-9B05-49657E36F484}.AppStore|x64.ActiveCfg = Release|x64
		{E7A8F409-1F53-4457-9B05-49657E36F484}.AppStore|x64.Build.0 = Release|x64
		{E7A8F409-1F53-4457-9B05-49657E36F484}.AppStore|x64.Deploy.0 = Release|x64
		{E7A8F409-1F53-4457-9B05-49657E36F484}.AppStore|x86.ActiveCfg = Release|x86
		{E7A8F409-1F53-4457-9B05-49657E36F484}.AppStore|x86.Build.0 = Release|x86
		{E7A8F409-1F53-4457-9B05-49657E36F484}.AppStore|x86.Deploy.0 = Release|x86
		{E7A8F409-1F53-4457-9B05-49657E36F484}.Debug|Any CPU.ActiveCfg = Debug|x86
		{E7A8F409-1F53-4457-9B05-49657E36F484}.Debug|ARM.ActiveCfg = Debug|ARM
		{E7A8F409-1F53-4457-9B05-49657E36F484}.Debug|ARM.Build.0 = Debug|ARM
		{E7A8F409-1F53-4457-9B05-49657E36F484}.Debug|ARM.Deploy.0 = Debug|ARM
		{E7A8F409-1F53-4457-9B05-49657E36F484}.Debug|iPhone.ActiveCfg = Debug|x86
		{E7A8F409-1F53-4457-9B05-49657E36F484}.Debug|iPhoneSimulator.ActiveCfg = Debug|x86
		{E7A8F409-1F53-4457-9B05-49657E36F484}.Debug|x64.ActiveCfg = Debug|x64
		{E7A8F409-1F53-4457-9B05-49657E36F484}.Debug|x64.Build.0 = Debug|x64
		{E7A8F409-1F53-4457-9B05-49657E36F484}.Debug|x64.Deploy.0 = Debug|x64
		{E7A8F409-1F53-4457-9B05-49657E36F484}.Debug|x86.ActiveCfg = Debug|x86
		{E7A8F409-1F53-4457-9B05-49657E36F484}.Debug|x86.Build.0 = Debug|x86
		{E7A8F409-1F53-4457-9B05-49657E36F484}.Debug|x86.Deploy.0 = Debug|x86
		{E7A8F409-1F53-4457-9B05-49657E36F484}.Release|Any CPU.ActiveCfg = Release|x86
		{E7A8F409-1F53-4457-9B05-49657E36F484}.Release|ARM.ActiveCfg = Release|ARM
		{E7A8F409-1F53-4457-9B05-49657E36F484}.Release|ARM.Build.0 = Release|ARM
		{E7A8F409-1F53-4457-9B05-49657E36F484}.Release|ARM.Deploy.0 = Release|ARM
		{E7A8F409-1F53-4457-9B05-49657E36F484}.Release|iPhone.ActiveCfg = Release|x86
		{E7A8F409-1F53-4457-9B05-49657E36F484}.Release|iPhoneSimulator.ActiveCfg = Release|x86
		{E7A8F409-1F53-4457-9B05-49657E36F484}.Release|x64.ActiveCfg = Release|x64
		{E7A8F409-1F53-4457-9B05-49657E36F484}.Release|x64.Build.0 = Release|x64
		{E7A8F409-1F53-4457-9B05-49657E36F484}.Release|x64.Deploy.0 = Release|x64
		{E7A8F409-1F53-4457-9B05-49657E36F484}.Release|x86.ActiveCfg = Release|x86
		{E7A8F409-1F53-4457-9B05-49657E36F484}.Release|x86.Build.0 = Release|x86
		{E7A8F409-1F53-4457-9B05-49657E36F484}.Release|x86.Deploy.0 = Release|x86
		{905212B0-1FF8-4B47-893D-126AB13CC30D}.Ad-Hoc|Any CPU.ActiveCfg = Release|Any CPU
		{905212B0-1FF8-4B47-893D-126AB13CC30D}.Ad-Hoc|Any CPU.Build.0 = Release|Any CPU
		{905212B0-1FF8-4B47-893D-126AB13CC30D}.Ad-Hoc|ARM.ActiveCfg = Release|Any CPU
		{905212B0-1FF8-4B47-893D-126AB13CC30D}.Ad-Hoc|ARM.Build.0 = Release|Any CPU
		{905212B0-1FF8-4B47-893D-126AB13CC30D}.Ad-Hoc|iPhone.ActiveCfg = Release|Any CPU
		{905212B0-1FF8-4B47-893D-126AB13CC30D}.Ad-Hoc|iPhone.Build.0 = Release|Any CPU
		{905212B0-1FF8-4B47-893D-126AB13CC30D}.Ad-Hoc|iPhoneSimulator.ActiveCfg = Release|Any CPU
		{905212B0-1FF8-4B47-893D-126AB13CC30D}.Ad-Hoc|iPhoneSimulator.Build.0 = Release|Any CPU
		{905212B0-1FF8-4B47-893D-126AB13CC30D}.Ad-Hoc|x64.ActiveCfg = Release|Any CPU
		{905212B0-1FF8-4B47-893D-126AB13CC30D}.Ad-Hoc|x64.Build.0 = Release|Any CPU
		{905212B0-1FF8-4B47-893D-126AB13CC30D}.Ad-Hoc|x86.ActiveCfg = Release|Any CPU
		{905212B0-1FF8-4B47-893D-126AB13CC30D}.Ad-Hoc|x86.Build.0 = Release|Any CPU
		{905212B0-1FF8-4B47-893D-126AB13CC30D}.AppStore|Any CPU.ActiveCfg = Release|Any CPU
		{905212B0-1FF8-4B47-893D-126AB13CC30D}.AppStore|Any CPU.Build.0 = Release|Any CPU
		{905212B0-1FF8-4B47-893D-126AB13CC30D}.AppStore|ARM.ActiveCfg = Release|Any CPU
		{905212B0-1FF8-4B47-893D-126AB13CC30D}.AppStore|ARM.Build.0 = Release|Any CPU
		{905212B0-1FF8-4B47-893D-126AB13CC30D}.AppStore|iPhone.ActiveCfg = Release|Any CPU
		{905212B0-1FF8-4B47-893D-126AB13CC30D}.AppStore|iPhone.Build.0 = Release|Any CPU
		{905212B0-1FF8-4B47-893D-126AB13CC30D}.AppStore|iPhoneSimulator.ActiveCfg = Release|Any CPU
		{905212B0-1FF8-4B47-893D-126AB13CC30D}.AppStore|iPhoneSimulator.Build.0 = Release|Any CPU
		{905212B0-1FF8-4B47-893D-126AB13CC30D}.AppStore|x64.ActiveCfg = Release|Any CPU
		{905212B0-1FF8-4B47-893D-126AB13CC30D}.AppStore|x64.Build.0 = Release|Any CPU
		{905212B0-1FF8-4B47-893D-126AB13CC30D}.AppStore|x86.ActiveCfg = Release|Any CPU
		{905212B0-1FF8-4B47-893D-126AB13CC30D}.AppStore|x86.Build.0 = Release|Any CPU
		{905212B0-1FF8-4B47-893D-126AB13CC30D}.Debug|Any CPU.ActiveCfg = Debug|Any CPU
		{905212B0-1FF8-4B47-893D-126AB13CC30D}.Debug|Any CPU.Build.0 = Debug|Any CPU
		{905212B0-1FF8-4B47-893D-126AB13CC30D}.Debug|ARM.ActiveCfg = Debug|Any CPU
		{905212B0-1FF8-4B47-893D-126AB13CC30D}.Debug|ARM.Build.0 = Debug|Any CPU
		{905212B0-1FF8-4B47-893D-126AB13CC30D}.Debug|iPhone.ActiveCfg = Debug|Any CPU
		{905212B0-1FF8-4B47-893D-126AB13CC30D}.Debug|iPhone.Build.0 = Debug|Any CPU
		{905212B0-1FF8-4B47-893D-126AB13CC30D}.Debug|iPhoneSimulator.ActiveCfg = Debug|Any CPU
		{905212B0-1FF8-4B47-893D-126AB13CC30D}.Debug|iPhoneSimulator.Build.0 = Debug|Any CPU
		{905212B0-1FF8-4B47-893D-126AB13CC30D}.Debug|x64.ActiveCfg = Debug|Any CPU
		{905212B0-1FF8-4B47-893D-126AB13CC30D}.Debug|x64.Build.0 = Debug|Any CPU
		{905212B0-1FF8-4B47-893D-126AB13CC30D}.Debug|x86.ActiveCfg = Debug|Any CPU
		{905212B0-1FF8-4B47-893D-126AB13CC30D}.Debug|x86.Build.0 = Debug|Any CPU
		{905212B0-1FF8-4B47-893D-126AB13CC30D}.Release|Any CPU.ActiveCfg = Release|Any CPU
		{905212B0-1FF8-4B47-893D-126AB13CC30D}.Release|Any CPU.Build.0 = Release|Any CPU
		{905212B0-1FF8-4B47-893D-126AB13CC30D}.Release|ARM.ActiveCfg = Release|Any CPU
		{905212B0-1FF8-4B47-893D-126AB13CC30D}.Release|ARM.Build.0 = Release|Any CPU
		{905212B0-1FF8-4B47-893D-126AB13CC30D}.Release|iPhone.ActiveCfg = Release|Any CPU
		{905212B0-1FF8-4B47-893D-126AB13CC30D}.Release|iPhone.Build.0 = Release|Any CPU
		{905212B0-1FF8-4B47-893D-126AB13CC30D}.Release|iPhoneSimulator.ActiveCfg = Release|Any CPU
		{905212B0-1FF8-4B47-893D-126AB13CC30D}.Release|iPhoneSimulator.Build.0 = Release|Any CPU
		{905212B0-1FF8-4B47-893D-126AB13CC30D}.Release|x64.ActiveCfg = Release|Any CPU
		{905212B0-1FF8-4B47-893D-126AB13CC30D}.Release|x64.Build.0 = Release|Any CPU
		{905212B0-1FF8-4B47-893D-126AB13CC30D}.Release|x86.ActiveCfg = Release|Any CPU
		{905212B0-1FF8-4B47-893D-126AB13CC30D}.Release|x86.Build.0 = Release|Any CPU
		{6B2F0436-98C7-4854-AB82-8B974E0D9C87}.Ad-Hoc|Any CPU.ActiveCfg = Release|Any CPU
		{6B2F0436-98C7-4854-AB82-8B974E0D9C87}.Ad-Hoc|Any CPU.Build.0 = Release|Any CPU
		{6B2F0436-98C7-4854-AB82-8B974E0D9C87}.Ad-Hoc|ARM.ActiveCfg = Release|Any CPU
		{6B2F0436-98C7-4854-AB82-8B974E0D9C87}.Ad-Hoc|ARM.Build.0 = Release|Any CPU
		{6B2F0436-98C7-4854-AB82-8B974E0D9C87}.Ad-Hoc|iPhone.ActiveCfg = Release|Any CPU
		{6B2F0436-98C7-4854-AB82-8B974E0D9C87}.Ad-Hoc|iPhone.Build.0 = Release|Any CPU
		{6B2F0436-98C7-4854-AB82-8B974E0D9C87}.Ad-Hoc|iPhoneSimulator.ActiveCfg = Release|Any CPU
		{6B2F0436-98C7-4854-AB82-8B974E0D9C87}.Ad-Hoc|iPhoneSimulator.Build.0 = Release|Any CPU
		{6B2F0436-98C7-4854-AB82-8B974E0D9C87}.Ad-Hoc|x64.ActiveCfg = Release|Any CPU
		{6B2F0436-98C7-4854-AB82-8B974E0D9C87}.Ad-Hoc|x64.Build.0 = Release|Any CPU
		{6B2F0436-98C7-4854-AB82-8B974E0D9C87}.Ad-Hoc|x86.ActiveCfg = Release|Any CPU
		{6B2F0436-98C7-4854-AB82-8B974E0D9C87}.Ad-Hoc|x86.Build.0 = Release|Any CPU
		{6B2F0436-98C7-4854-AB82-8B974E0D9C87}.AppStore|Any CPU.ActiveCfg = Release|Any CPU
		{6B2F0436-98C7-4854-AB82-8B974E0D9C87}.AppStore|Any CPU.Build.0 = Release|Any CPU
		{6B2F0436-98C7-4854-AB82-8B974E0D9C87}.AppStore|ARM.ActiveCfg = Release|Any CPU
		{6B2F0436-98C7-4854-AB82-8B974E0D9C87}.AppStore|ARM.Build.0 = Release|Any CPU
		{6B2F0436-98C7-4854-AB82-8B974E0D9C87}.AppStore|iPhone.ActiveCfg = Release|Any CPU
		{6B2F0436-98C7-4854-AB82-8B974E0D9C87}.AppStore|iPhone.Build.0 = Release|Any CPU
		{6B2F0436-98C7-4854-AB82-8B974E0D9C87}.AppStore|iPhoneSimulator.ActiveCfg = Release|Any CPU
		{6B2F0436-98C7-4854-AB82-8B974E0D9C87}.AppStore|iPhoneSimulator.Build.0 = Release|Any CPU
		{6B2F0436-98C7-4854-AB82-8B974E0D9C87}.AppStore|x64.ActiveCfg = Release|Any CPU
		{6B2F0436-98C7-4854-AB82-8B974E0D9C87}.AppStore|x64.Build.0 = Release|Any CPU
		{6B2F0436-98C7-4854-AB82-8B974E0D9C87}.AppStore|x86.ActiveCfg = Release|Any CPU
		{6B2F0436-98C7-4854-AB82-8B974E0D9C87}.AppStore|x86.Build.0 = Release|Any CPU
		{6B2F0436-98C7-4854-AB82-8B974E0D9C87}.Debug|Any CPU.ActiveCfg = Debug|Any CPU
		{6B2F0436-98C7-4854-AB82-8B974E0D9C87}.Debug|Any CPU.Build.0 = Debug|Any CPU
		{6B2F0436-98C7-4854-AB82-8B974E0D9C87}.Debug|ARM.ActiveCfg = Debug|Any CPU
		{6B2F0436-98C7-4854-AB82-8B974E0D9C87}.Debug|ARM.Build.0 = Debug|Any CPU
		{6B2F0436-98C7-4854-AB82-8B974E0D9C87}.Debug|iPhone.ActiveCfg = Debug|Any CPU
		{6B2F0436-98C7-4854-AB82-8B974E0D9C87}.Debug|iPhone.Build.0 = Debug|Any CPU
		{6B2F0436-98C7-4854-AB82-8B974E0D9C87}.Debug|iPhoneSimulator.ActiveCfg = Debug|Any CPU
		{6B2F0436-98C7-4854-AB82-8B974E0D9C87}.Debug|iPhoneSimulator.Build.0 = Debug|Any CPU
		{6B2F0436-98C7-4854-AB82-8B974E0D9C87}.Debug|x64.ActiveCfg = Debug|Any CPU
		{6B2F0436-98C7-4854-AB82-8B974E0D9C87}.Debug|x64.Build.0 = Debug|Any CPU
		{6B2F0436-98C7-4854-AB82-8B974E0D9C87}.Debug|x86.ActiveCfg = Debug|Any CPU
		{6B2F0436-98C7-4854-AB82-8B974E0D9C87}.Debug|x86.Build.0 = Debug|Any CPU
		{6B2F0436-98C7-4854-AB82-8B974E0D9C87}.Release|Any CPU.ActiveCfg = Release|Any CPU
		{6B2F0436-98C7-4854-AB82-8B974E0D9C87}.Release|Any CPU.Build.0 = Release|Any CPU
		{6B2F0436-98C7-4854-AB82-8B974E0D9C87}.Release|ARM.ActiveCfg = Release|Any CPU
		{6B2F0436-98C7-4854-AB82-8B974E0D9C87}.Release|ARM.Build.0 = Release|Any CPU
		{6B2F0436-98C7-4854-AB82-8B974E0D9C87}.Release|iPhone.ActiveCfg = Release|Any CPU
		{6B2F0436-98C7-4854-AB82-8B974E0D9C87}.Release|iPhone.Build.0 = Release|Any CPU
		{6B2F0436-98C7-4854-AB82-8B974E0D9C87}.Release|iPhoneSimulator.ActiveCfg = Release|Any CPU
		{6B2F0436-98C7-4854-AB82-8B974E0D9C87}.Release|iPhoneSimulator.Build.0 = Release|Any CPU
		{6B2F0436-98C7-4854-AB82-8B974E0D9C87}.Release|x64.ActiveCfg = Release|Any CPU
		{6B2F0436-98C7-4854-AB82-8B974E0D9C87}.Release|x64.Build.0 = Release|Any CPU
		{6B2F0436-98C7-4854-AB82-8B974E0D9C87}.Release|x86.ActiveCfg = Release|Any CPU
		{6B2F0436-98C7-4854-AB82-8B974E0D9C87}.Release|x86.Build.0 = Release|Any CPU
		{54A14130-BA70-4730-9F65-EE17E9315BDE}.Ad-Hoc|Any CPU.ActiveCfg = Release|Any CPU
		{54A14130-BA70-4730-9F65-EE17E9315BDE}.Ad-Hoc|Any CPU.Build.0 = Release|Any CPU
		{54A14130-BA70-4730-9F65-EE17E9315BDE}.Ad-Hoc|ARM.ActiveCfg = Release|Any CPU
		{54A14130-BA70-4730-9F65-EE17E9315BDE}.Ad-Hoc|ARM.Build.0 = Release|Any CPU
		{54A14130-BA70-4730-9F65-EE17E9315BDE}.Ad-Hoc|iPhone.ActiveCfg = Release|Any CPU
		{54A14130-BA70-4730-9F65-EE17E9315BDE}.Ad-Hoc|iPhone.Build.0 = Release|Any CPU
		{54A14130-BA70-4730-9F65-EE17E9315BDE}.Ad-Hoc|iPhoneSimulator.ActiveCfg = Release|Any CPU
		{54A14130-BA70-4730-9F65-EE17E9315BDE}.Ad-Hoc|iPhoneSimulator.Build.0 = Release|Any CPU
		{54A14130-BA70-4730-9F65-EE17E9315BDE}.Ad-Hoc|x64.ActiveCfg = Release|Any CPU
		{54A14130-BA70-4730-9F65-EE17E9315BDE}.Ad-Hoc|x64.Build.0 = Release|Any CPU
		{54A14130-BA70-4730-9F65-EE17E9315BDE}.Ad-Hoc|x86.ActiveCfg = Release|Any CPU
		{54A14130-BA70-4730-9F65-EE17E9315BDE}.Ad-Hoc|x86.Build.0 = Release|Any CPU
		{54A14130-BA70-4730-9F65-EE17E9315BDE}.AppStore|Any CPU.ActiveCfg = Release|Any CPU
		{54A14130-BA70-4730-9F65-EE17E9315BDE}.AppStore|Any CPU.Build.0 = Release|Any CPU
		{54A14130-BA70-4730-9F65-EE17E9315BDE}.AppStore|ARM.ActiveCfg = Release|Any CPU
		{54A14130-BA70-4730-9F65-EE17E9315BDE}.AppStore|ARM.Build.0 = Release|Any CPU
		{54A14130-BA70-4730-9F65-EE17E9315BDE}.AppStore|iPhone.ActiveCfg = Release|Any CPU
		{54A14130-BA70-4730-9F65-EE17E9315BDE}.AppStore|iPhone.Build.0 = Release|Any CPU
		{54A14130-BA70-4730-9F65-EE17E9315BDE}.AppStore|iPhoneSimulator.ActiveCfg = Release|Any CPU
		{54A14130-BA70-4730-9F65-EE17E9315BDE}.AppStore|iPhoneSimulator.Build.0 = Release|Any CPU
		{54A14130-BA70-4730-9F65-EE17E9315BDE}.AppStore|x64.ActiveCfg = Release|Any CPU
		{54A14130-BA70-4730-9F65-EE17E9315BDE}.AppStore|x64.Build.0 = Release|Any CPU
		{54A14130-BA70-4730-9F65-EE17E9315BDE}.AppStore|x86.ActiveCfg = Release|Any CPU
		{54A14130-BA70-4730-9F65-EE17E9315BDE}.AppStore|x86.Build.0 = Release|Any CPU
		{54A14130-BA70-4730-9F65-EE17E9315BDE}.Debug|Any CPU.ActiveCfg = Debug|Any CPU
		{54A14130-BA70-4730-9F65-EE17E9315BDE}.Debug|Any CPU.Build.0 = Debug|Any CPU
		{54A14130-BA70-4730-9F65-EE17E9315BDE}.Debug|Any CPU.Deploy.0 = Debug|Any CPU
		{54A14130-BA70-4730-9F65-EE17E9315BDE}.Debug|ARM.ActiveCfg = Debug|Any CPU
		{54A14130-BA70-4730-9F65-EE17E9315BDE}.Debug|ARM.Build.0 = Debug|Any CPU
		{54A14130-BA70-4730-9F65-EE17E9315BDE}.Debug|iPhone.ActiveCfg = Debug|Any CPU
		{54A14130-BA70-4730-9F65-EE17E9315BDE}.Debug|iPhone.Build.0 = Debug|Any CPU
		{54A14130-BA70-4730-9F65-EE17E9315BDE}.Debug|iPhoneSimulator.ActiveCfg = Debug|Any CPU
		{54A14130-BA70-4730-9F65-EE17E9315BDE}.Debug|iPhoneSimulator.Build.0 = Debug|Any CPU
		{54A14130-BA70-4730-9F65-EE17E9315BDE}.Debug|x64.ActiveCfg = Debug|Any CPU
		{54A14130-BA70-4730-9F65-EE17E9315BDE}.Debug|x64.Build.0 = Debug|Any CPU
		{54A14130-BA70-4730-9F65-EE17E9315BDE}.Debug|x86.ActiveCfg = Debug|Any CPU
		{54A14130-BA70-4730-9F65-EE17E9315BDE}.Debug|x86.Build.0 = Debug|Any CPU
		{54A14130-BA70-4730-9F65-EE17E9315BDE}.Release|Any CPU.ActiveCfg = Release|Any CPU
		{54A14130-BA70-4730-9F65-EE17E9315BDE}.Release|Any CPU.Build.0 = Release|Any CPU
		{54A14130-BA70-4730-9F65-EE17E9315BDE}.Release|Any CPU.Deploy.0 = Release|Any CPU
		{54A14130-BA70-4730-9F65-EE17E9315BDE}.Release|ARM.ActiveCfg = Release|Any CPU
		{54A14130-BA70-4730-9F65-EE17E9315BDE}.Release|ARM.Build.0 = Release|Any CPU
		{54A14130-BA70-4730-9F65-EE17E9315BDE}.Release|iPhone.ActiveCfg = Release|Any CPU
		{54A14130-BA70-4730-9F65-EE17E9315BDE}.Release|iPhone.Build.0 = Release|Any CPU
		{54A14130-BA70-4730-9F65-EE17E9315BDE}.Release|iPhoneSimulator.ActiveCfg = Release|Any CPU
		{54A14130-BA70-4730-9F65-EE17E9315BDE}.Release|iPhoneSimulator.Build.0 = Release|Any CPU
		{54A14130-BA70-4730-9F65-EE17E9315BDE}.Release|x64.ActiveCfg = Release|Any CPU
		{54A14130-BA70-4730-9F65-EE17E9315BDE}.Release|x64.Build.0 = Release|Any CPU
		{54A14130-BA70-4730-9F65-EE17E9315BDE}.Release|x86.ActiveCfg = Release|Any CPU
		{54A14130-BA70-4730-9F65-EE17E9315BDE}.Release|x86.Build.0 = Release|Any CPU
		{98A97782-9720-41EC-BAF6-0F9315EC508C}.Ad-Hoc|Any CPU.ActiveCfg = Release|Any CPU
		{98A97782-9720-41EC-BAF6-0F9315EC508C}.Ad-Hoc|Any CPU.Build.0 = Release|Any CPU
		{98A97782-9720-41EC-BAF6-0F9315EC508C}.Ad-Hoc|ARM.ActiveCfg = Release|Any CPU
		{98A97782-9720-41EC-BAF6-0F9315EC508C}.Ad-Hoc|ARM.Build.0 = Release|Any CPU
		{98A97782-9720-41EC-BAF6-0F9315EC508C}.Ad-Hoc|iPhone.ActiveCfg = Release|Any CPU
		{98A97782-9720-41EC-BAF6-0F9315EC508C}.Ad-Hoc|iPhone.Build.0 = Release|Any CPU
		{98A97782-9720-41EC-BAF6-0F9315EC508C}.Ad-Hoc|iPhoneSimulator.ActiveCfg = Release|Any CPU
		{98A97782-9720-41EC-BAF6-0F9315EC508C}.Ad-Hoc|iPhoneSimulator.Build.0 = Release|Any CPU
		{98A97782-9720-41EC-BAF6-0F9315EC508C}.Ad-Hoc|x64.ActiveCfg = Release|Any CPU
		{98A97782-9720-41EC-BAF6-0F9315EC508C}.Ad-Hoc|x64.Build.0 = Release|Any CPU
		{98A97782-9720-41EC-BAF6-0F9315EC508C}.Ad-Hoc|x86.ActiveCfg = Release|Any CPU
		{98A97782-9720-41EC-BAF6-0F9315EC508C}.Ad-Hoc|x86.Build.0 = Release|Any CPU
		{98A97782-9720-41EC-BAF6-0F9315EC508C}.AppStore|Any CPU.ActiveCfg = Release|Any CPU
		{98A97782-9720-41EC-BAF6-0F9315EC508C}.AppStore|Any CPU.Build.0 = Release|Any CPU
		{98A97782-9720-41EC-BAF6-0F9315EC508C}.AppStore|ARM.ActiveCfg = Release|Any CPU
		{98A97782-9720-41EC-BAF6-0F9315EC508C}.AppStore|ARM.Build.0 = Release|Any CPU
		{98A97782-9720-41EC-BAF6-0F9315EC508C}.AppStore|iPhone.ActiveCfg = Release|Any CPU
		{98A97782-9720-41EC-BAF6-0F9315EC508C}.AppStore|iPhone.Build.0 = Release|Any CPU
		{98A97782-9720-41EC-BAF6-0F9315EC508C}.AppStore|iPhoneSimulator.ActiveCfg = Release|Any CPU
		{98A97782-9720-41EC-BAF6-0F9315EC508C}.AppStore|iPhoneSimulator.Build.0 = Release|Any CPU
		{98A97782-9720-41EC-BAF6-0F9315EC508C}.AppStore|x64.ActiveCfg = Release|Any CPU
		{98A97782-9720-41EC-BAF6-0F9315EC508C}.AppStore|x64.Build.0 = Release|Any CPU
		{98A97782-9720-41EC-BAF6-0F9315EC508C}.AppStore|x86.ActiveCfg = Release|Any CPU
		{98A97782-9720-41EC-BAF6-0F9315EC508C}.AppStore|x86.Build.0 = Release|Any CPU
		{98A97782-9720-41EC-BAF6-0F9315EC508C}.Debug|Any CPU.ActiveCfg = Debug|Any CPU
		{98A97782-9720-41EC-BAF6-0F9315EC508C}.Debug|Any CPU.Build.0 = Debug|Any CPU
		{98A97782-9720-41EC-BAF6-0F9315EC508C}.Debug|ARM.ActiveCfg = Debug|Any CPU
		{98A97782-9720-41EC-BAF6-0F9315EC508C}.Debug|ARM.Build.0 = Debug|Any CPU
		{98A97782-9720-41EC-BAF6-0F9315EC508C}.Debug|iPhone.ActiveCfg = Debug|Any CPU
		{98A97782-9720-41EC-BAF6-0F9315EC508C}.Debug|iPhone.Build.0 = Debug|Any CPU
		{98A97782-9720-41EC-BAF6-0F9315EC508C}.Debug|iPhoneSimulator.ActiveCfg = Debug|Any CPU
		{98A97782-9720-41EC-BAF6-0F9315EC508C}.Debug|iPhoneSimulator.Build.0 = Debug|Any CPU
		{98A97782-9720-41EC-BAF6-0F9315EC508C}.Debug|x64.ActiveCfg = Debug|Any CPU
		{98A97782-9720-41EC-BAF6-0F9315EC508C}.Debug|x64.Build.0 = Debug|Any CPU
		{98A97782-9720-41EC-BAF6-0F9315EC508C}.Debug|x86.ActiveCfg = Debug|Any CPU
		{98A97782-9720-41EC-BAF6-0F9315EC508C}.Debug|x86.Build.0 = Debug|Any CPU
		{98A97782-9720-41EC-BAF6-0F9315EC508C}.Release|Any CPU.ActiveCfg = Release|Any CPU
		{98A97782-9720-41EC-BAF6-0F9315EC508C}.Release|Any CPU.Build.0 = Release|Any CPU
		{98A97782-9720-41EC-BAF6-0F9315EC508C}.Release|ARM.ActiveCfg = Release|Any CPU
		{98A97782-9720-41EC-BAF6-0F9315EC508C}.Release|ARM.Build.0 = Release|Any CPU
		{98A97782-9720-41EC-BAF6-0F9315EC508C}.Release|iPhone.ActiveCfg = Release|Any CPU
		{98A97782-9720-41EC-BAF6-0F9315EC508C}.Release|iPhone.Build.0 = Release|Any CPU
		{98A97782-9720-41EC-BAF6-0F9315EC508C}.Release|iPhoneSimulator.ActiveCfg = Release|Any CPU
		{98A97782-9720-41EC-BAF6-0F9315EC508C}.Release|iPhoneSimulator.Build.0 = Release|Any CPU
		{98A97782-9720-41EC-BAF6-0F9315EC508C}.Release|x64.ActiveCfg = Release|Any CPU
		{98A97782-9720-41EC-BAF6-0F9315EC508C}.Release|x64.Build.0 = Release|Any CPU
		{98A97782-9720-41EC-BAF6-0F9315EC508C}.Release|x86.ActiveCfg = Release|Any CPU
		{98A97782-9720-41EC-BAF6-0F9315EC508C}.Release|x86.Build.0 = Release|Any CPU
		{B76B0907-4B55-40A7-B337-04499E8C2B39}.Ad-Hoc|Any CPU.ActiveCfg = Release|x64
		{B76B0907-4B55-40A7-B337-04499E8C2B39}.Ad-Hoc|Any CPU.Build.0 = Release|x64
		{B76B0907-4B55-40A7-B337-04499E8C2B39}.Ad-Hoc|Any CPU.Deploy.0 = Release|x64
		{B76B0907-4B55-40A7-B337-04499E8C2B39}.Ad-Hoc|ARM.ActiveCfg = Release|ARM
		{B76B0907-4B55-40A7-B337-04499E8C2B39}.Ad-Hoc|ARM.Build.0 = Release|ARM
		{B76B0907-4B55-40A7-B337-04499E8C2B39}.Ad-Hoc|ARM.Deploy.0 = Release|ARM
		{B76B0907-4B55-40A7-B337-04499E8C2B39}.Ad-Hoc|ARM64.ActiveCfg = Release|ARM64
		{B76B0907-4B55-40A7-B337-04499E8C2B39}.Ad-Hoc|ARM64.Build.0 = Release|ARM64
		{B76B0907-4B55-40A7-B337-04499E8C2B39}.Ad-Hoc|ARM64.Deploy.0 = Release|ARM64
		{B76B0907-4B55-40A7-B337-04499E8C2B39}.Ad-Hoc|iPhone.ActiveCfg = Release|x64
		{B76B0907-4B55-40A7-B337-04499E8C2B39}.Ad-Hoc|iPhone.Build.0 = Release|x64
		{B76B0907-4B55-40A7-B337-04499E8C2B39}.Ad-Hoc|iPhone.Deploy.0 = Release|x64
		{B76B0907-4B55-40A7-B337-04499E8C2B39}.Ad-Hoc|iPhoneSimulator.ActiveCfg = Release|x64
		{B76B0907-4B55-40A7-B337-04499E8C2B39}.Ad-Hoc|iPhoneSimulator.Build.0 = Release|x64
		{B76B0907-4B55-40A7-B337-04499E8C2B39}.Ad-Hoc|iPhoneSimulator.Deploy.0 = Release|x64
		{B76B0907-4B55-40A7-B337-04499E8C2B39}.Ad-Hoc|x64.ActiveCfg = Release|x64
		{B76B0907-4B55-40A7-B337-04499E8C2B39}.Ad-Hoc|x64.Build.0 = Release|x64
		{B76B0907-4B55-40A7-B337-04499E8C2B39}.Ad-Hoc|x64.Deploy.0 = Release|x64
		{B76B0907-4B55-40A7-B337-04499E8C2B39}.Ad-Hoc|x86.ActiveCfg = Release|x86
		{B76B0907-4B55-40A7-B337-04499E8C2B39}.Ad-Hoc|x86.Build.0 = Release|x86
		{B76B0907-4B55-40A7-B337-04499E8C2B39}.Ad-Hoc|x86.Deploy.0 = Release|x86
		{B76B0907-4B55-40A7-B337-04499E8C2B39}.AppStore|Any CPU.ActiveCfg = Release|x64
		{B76B0907-4B55-40A7-B337-04499E8C2B39}.AppStore|Any CPU.Build.0 = Release|x64
		{B76B0907-4B55-40A7-B337-04499E8C2B39}.AppStore|Any CPU.Deploy.0 = Release|x64
		{B76B0907-4B55-40A7-B337-04499E8C2B39}.AppStore|ARM.ActiveCfg = Release|ARM
		{B76B0907-4B55-40A7-B337-04499E8C2B39}.AppStore|ARM.Build.0 = Release|ARM
		{B76B0907-4B55-40A7-B337-04499E8C2B39}.AppStore|ARM.Deploy.0 = Release|ARM
		{B76B0907-4B55-40A7-B337-04499E8C2B39}.AppStore|ARM64.ActiveCfg = Release|ARM64
		{B76B0907-4B55-40A7-B337-04499E8C2B39}.AppStore|ARM64.Build.0 = Release|ARM64
		{B76B0907-4B55-40A7-B337-04499E8C2B39}.AppStore|ARM64.Deploy.0 = Release|ARM64
		{B76B0907-4B55-40A7-B337-04499E8C2B39}.AppStore|iPhone.ActiveCfg = Release|x64
		{B76B0907-4B55-40A7-B337-04499E8C2B39}.AppStore|iPhone.Build.0 = Release|x64
		{B76B0907-4B55-40A7-B337-04499E8C2B39}.AppStore|iPhone.Deploy.0 = Release|x64
		{B76B0907-4B55-40A7-B337-04499E8C2B39}.AppStore|iPhoneSimulator.ActiveCfg = Release|x64
		{B76B0907-4B55-40A7-B337-04499E8C2B39}.AppStore|iPhoneSimulator.Build.0 = Release|x64
		{B76B0907-4B55-40A7-B337-04499E8C2B39}.AppStore|iPhoneSimulator.Deploy.0 = Release|x64
		{B76B0907-4B55-40A7-B337-04499E8C2B39}.AppStore|x64.ActiveCfg = Release|x64
		{B76B0907-4B55-40A7-B337-04499E8C2B39}.AppStore|x64.Build.0 = Release|x64
		{B76B0907-4B55-40A7-B337-04499E8C2B39}.AppStore|x64.Deploy.0 = Release|x64
		{B76B0907-4B55-40A7-B337-04499E8C2B39}.AppStore|x86.ActiveCfg = Release|x86
		{B76B0907-4B55-40A7-B337-04499E8C2B39}.AppStore|x86.Build.0 = Release|x86
		{B76B0907-4B55-40A7-B337-04499E8C2B39}.AppStore|x86.Deploy.0 = Release|x86
		{B76B0907-4B55-40A7-B337-04499E8C2B39}.Debug|Any CPU.ActiveCfg = Debug|x86
		{B76B0907-4B55-40A7-B337-04499E8C2B39}.Debug|ARM.ActiveCfg = Debug|ARM
		{B76B0907-4B55-40A7-B337-04499E8C2B39}.Debug|ARM.Build.0 = Debug|ARM
		{B76B0907-4B55-40A7-B337-04499E8C2B39}.Debug|ARM.Deploy.0 = Debug|ARM
		{B76B0907-4B55-40A7-B337-04499E8C2B39}.Debug|ARM64.ActiveCfg = Debug|ARM64
		{B76B0907-4B55-40A7-B337-04499E8C2B39}.Debug|ARM64.Build.0 = Debug|ARM64
		{B76B0907-4B55-40A7-B337-04499E8C2B39}.Debug|ARM64.Deploy.0 = Debug|ARM64
		{B76B0907-4B55-40A7-B337-04499E8C2B39}.Debug|iPhone.ActiveCfg = Debug|x86
		{B76B0907-4B55-40A7-B337-04499E8C2B39}.Debug|iPhoneSimulator.ActiveCfg = Debug|x86
		{B76B0907-4B55-40A7-B337-04499E8C2B39}.Debug|x64.ActiveCfg = Debug|x64
		{B76B0907-4B55-40A7-B337-04499E8C2B39}.Debug|x64.Build.0 = Debug|x64
		{B76B0907-4B55-40A7-B337-04499E8C2B39}.Debug|x64.Deploy.0 = Debug|x64
		{B76B0907-4B55-40A7-B337-04499E8C2B39}.Debug|x86.ActiveCfg = Debug|x86
		{B76B0907-4B55-40A7-B337-04499E8C2B39}.Debug|x86.Build.0 = Debug|x86
		{B76B0907-4B55-40A7-B337-04499E8C2B39}.Debug|x86.Deploy.0 = Debug|x86
		{B76B0907-4B55-40A7-B337-04499E8C2B39}.Release|Any CPU.ActiveCfg = Release|x86
		{B76B0907-4B55-40A7-B337-04499E8C2B39}.Release|ARM.ActiveCfg = Release|ARM
		{B76B0907-4B55-40A7-B337-04499E8C2B39}.Release|ARM.Build.0 = Release|ARM
		{B76B0907-4B55-40A7-B337-04499E8C2B39}.Release|ARM.Deploy.0 = Release|ARM
		{B76B0907-4B55-40A7-B337-04499E8C2B39}.Release|ARM64.ActiveCfg = Release|ARM64
		{B76B0907-4B55-40A7-B337-04499E8C2B39}.Release|ARM64.Build.0 = Release|ARM64
		{B76B0907-4B55-40A7-B337-04499E8C2B39}.Release|ARM64.Deploy.0 = Release|ARM64
		{B76B0907-4B55-40A7-B337-04499E8C2B39}.Release|iPhone.ActiveCfg = Release|x86
		{B76B0907-4B55-40A7-B337-04499E8C2B39}.Release|iPhoneSimulator.ActiveCfg = Release|x86
		{B76B0907-4B55-40A7-B337-04499E8C2B39}.Release|x64.ActiveCfg = Release|x64
		{B76B0907-4B55-40A7-B337-04499E8C2B39}.Release|x64.Build.0 = Release|x64
		{B76B0907-4B55-40A7-B337-04499E8C2B39}.Release|x64.Deploy.0 = Release|x64
		{B76B0907-4B55-40A7-B337-04499E8C2B39}.Release|x86.ActiveCfg = Release|x86
		{B76B0907-4B55-40A7-B337-04499E8C2B39}.Release|x86.Build.0 = Release|x86
		{B76B0907-4B55-40A7-B337-04499E8C2B39}.Release|x86.Deploy.0 = Release|x86
	EndGlobalSection
	GlobalSection(SolutionProperties) = preSolution
		HideSolutionNode = FALSE
	EndGlobalSection
	GlobalSection(ExtensibilityGlobals) = postSolution
		SolutionGuid = {F6D05029-56B8-4E45-AF2D-0E76295DDBA2}
	EndGlobalSection
EndGlobal
